
Microsoft Visual Studio Solution File, Format Version 12.00
# Visual Studio Version 16
VisualStudioVersion = 16.0.29306.81
MinimumVisualStudioVersion = 10.0.40219.1
Project("{FAE04EC0-301F-11D3-BF4B-00C04F79EFBC}") = "Hospitle", "Hospitle\Hospitle.csproj", "{EB679FD5-2E32-4378-8E06-C06451A1E641}"
EndProject
Global
	GlobalSection(SolutionConfigurationPlatforms) = preSolution
		Debug|Any CPU = Debug|Any CPU
		Release|Any CPU = Release|Any CPU
	EndGlobalSection
	GlobalSection(ProjectConfigurationPlatforms) = postSolution
		{EB679FD5-2E32-4378-8E06-C06451A1E641}.Debug|Any CPU.ActiveCfg = Debug|Any CPU
		{EB679FD5-2E32-4378-8E06-C06451A1E641}.Debug|Any CPU.Build.0 = Debug|Any CPU
		{EB679FD5-2E32-4378-8E06-C06451A1E641}.Release|Any CPU.ActiveCfg = Release|Any CPU
		{EB679FD5-2E32-4378-8E06-C06451A1E641}.Release|Any CPU.Build.0 = Release|Any CPU
	EndGlobalSection
	GlobalSection(SolutionProperties) = preSolution
		HideSolutionNode = FALSE
	EndGlobalSection
	GlobalSection(ExtensibilityGlobals) = postSolution
		SolutionGuid = {D4374CA8-5FAB-4AA4-9412-6D7A9F749FCC}
	EndGlobalSection
EndGlobal
